
Microsoft Visual Studio Solution File, Format Version 12.00
# Visual Studio Version 17
VisualStudioVersion = 17.2.32616.157
MinimumVisualStudioVersion = 10.0.40219.1
Project("{FAE04EC0-301F-11D3-BF4B-00C04F79EFBC}") = "SQLScript2XLSX_2", "SQLScript2XLSX_2\SQLScript2XLSX_2.csproj", "{9D002B24-C8C1-4019-9B7D-081B17CE20B0}"
EndProject
Project("{FAE04EC0-301F-11D3-BF4B-00C04F79EFBC}") = "SQLScript2XLSX_2.Tests", "SQLScript2XLSX_2.Tests\SQLScript2XLSX_2.Tests.csproj", "{BA2B0397-02F7-4487-BF30-8B0989CD5543}"
EndProject
Project("{FAE04EC0-301F-11D3-BF4B-00C04F79EFBC}") = "SQLScript2XLSX_Console", "SQLScript2XLSX_Console\SQLScript2XLSX_Console.csproj", "{A59030E7-4A20-4B35-A0EF-E8A06E3CE223}"
EndProject
Project("{FAE04EC0-301F-11D3-BF4B-00C04F79EFBC}") = "SQLScript2XLSX_Console.Tests", "SQLScript2XLSX_Console.Tests\SQLScript2XLSX_Console.Tests.csproj", "{B6769B6A-4728-4FC6-BF9F-A447563804ED}"
EndProject
Global
	GlobalSection(SolutionConfigurationPlatforms) = preSolution
		Debug|Any CPU = Debug|Any CPU
		Debug|ARM = Debug|ARM
		Debug|ARM64 = Debug|ARM64
		Debug|x64 = Debug|x64
		Debug|x86 = Debug|x86
		Release|Any CPU = Release|Any CPU
		Release|ARM = Release|ARM
		Release|ARM64 = Release|ARM64
		Release|x64 = Release|x64
		Release|x86 = Release|x86
	EndGlobalSection
	GlobalSection(ProjectConfigurationPlatforms) = postSolution
		{9D002B24-C8C1-4019-9B7D-081B17CE20B0}.Debug|Any CPU.ActiveCfg = Debug|Any CPU
		{9D002B24-C8C1-4019-9B7D-081B17CE20B0}.Debug|Any CPU.Build.0 = Debug|Any CPU
		{9D002B24-C8C1-4019-9B7D-081B17CE20B0}.Debug|ARM.ActiveCfg = Debug|Any CPU
		{9D002B24-C8C1-4019-9B7D-081B17CE20B0}.Debug|ARM.Build.0 = Debug|Any CPU
		{9D002B24-C8C1-4019-9B7D-081B17CE20B0}.Debug|ARM64.ActiveCfg = Debug|Any CPU
		{9D002B24-C8C1-4019-9B7D-081B17CE20B0}.Debug|ARM64.Build.0 = Debug|Any CPU
		{9D002B24-C8C1-4019-9B7D-081B17CE20B0}.Debug|x64.ActiveCfg = Debug|Any CPU
		{9D002B24-C8C1-4019-9B7D-081B17CE20B0}.Debug|x64.Build.0 = Debug|Any CPU
		{9D002B24-C8C1-4019-9B7D-081B17CE20B0}.Debug|x86.ActiveCfg = Debug|Any CPU
		{9D002B24-C8C1-4019-9B7D-081B17CE20B0}.Debug|x86.Build.0 = Debug|Any CPU
		{9D002B24-C8C1-4019-9B7D-081B17CE20B0}.Release|Any CPU.ActiveCfg = Release|Any CPU
		{9D002B24-C8C1-4019-9B7D-081B17CE20B0}.Release|Any CPU.Build.0 = Release|Any CPU
		{9D002B24-C8C1-4019-9B7D-081B17CE20B0}.Release|ARM.ActiveCfg = Release|Any CPU
		{9D002B24-C8C1-4019-9B7D-081B17CE20B0}.Release|ARM.Build.0 = Release|Any CPU
		{9D002B24-C8C1-4019-9B7D-081B17CE20B0}.Release|ARM64.ActiveCfg = Release|Any CPU
		{9D002B24-C8C1-4019-9B7D-081B17CE20B0}.Release|ARM64.Build.0 = Release|Any CPU
		{9D002B24-C8C1-4019-9B7D-081B17CE20B0}.Release|x64.ActiveCfg = Release|Any CPU
		{9D002B24-C8C1-4019-9B7D-081B17CE20B0}.Release|x64.Build.0 = Release|Any CPU
		{9D002B24-C8C1-4019-9B7D-081B17CE20B0}.Release|x86.ActiveCfg = Release|Any CPU
		{9D002B24-C8C1-4019-9B7D-081B17CE20B0}.Release|x86.Build.0 = Release|Any CPU
		{BA2B0397-02F7-4487-BF30-8B0989CD5543}.Debug|Any CPU.ActiveCfg = Debug|Any CPU
		{BA2B0397-02F7-4487-BF30-8B0989CD5543}.Debug|Any CPU.Build.0 = Debug|Any CPU
		{BA2B0397-02F7-4487-BF30-8B0989CD5543}.Debug|ARM.ActiveCfg = Debug|Any CPU
		{BA2B0397-02F7-4487-BF30-8B0989CD5543}.Debug|ARM.Build.0 = Debug|Any CPU
		{BA2B0397-02F7-4487-BF30-8B0989CD5543}.Debug|ARM64.ActiveCfg = Debug|Any CPU
		{BA2B0397-02F7-4487-BF30-8B0989CD5543}.Debug|ARM64.Build.0 = Debug|Any CPU
		{BA2B0397-02F7-4487-BF30-8B0989CD5543}.Debug|x64.ActiveCfg = Debug|Any CPU
		{BA2B0397-02F7-4487-BF30-8B0989CD5543}.Debug|x64.Build.0 = Debug|Any CPU
		{BA2B0397-02F7-4487-BF30-8B0989CD5543}.Debug|x86.ActiveCfg = Debug|Any CPU
		{BA2B0397-02F7-4487-BF30-8B0989CD5543}.Debug|x86.Build.0 = Debug|Any CPU
		{BA2B0397-02F7-4487-BF30-8B0989CD5543}.Release|Any CPU.ActiveCfg = Release|Any CPU
		{BA2B0397-02F7-4487-BF30-8B0989CD5543}.Release|Any CPU.Build.0 = Release|Any CPU
		{BA2B0397-02F7-4487-BF30-8B0989CD5543}.Release|ARM.ActiveCfg = Release|Any CPU
		{BA2B0397-02F7-4487-BF30-8B0989CD5543}.Release|ARM.Build.0 = Release|Any CPU
		{BA2B0397-02F7-4487-BF30-8B0989CD5543}.Release|ARM64.ActiveCfg = Release|Any CPU
		{BA2B0397-02F7-4487-BF30-8B0989CD5543}.Release|ARM64.Build.0 = Release|Any CPU
		{BA2B0397-02F7-4487-BF30-8B0989CD5543}.Release|x64.ActiveCfg = Release|Any CPU
		{BA2B0397-02F7-4487-BF30-8B0989CD5543}.Release|x64.Build.0 = Release|Any CPU
		{BA2B0397-02F7-4487-BF30-8B0989CD5543}.Release|x86.ActiveCfg = Release|Any CPU
		{BA2B0397-02F7-4487-BF30-8B0989CD5543}.Release|x86.Build.0 = Release|Any CPU
		{A59030E7-4A20-4B35-A0EF-E8A06E3CE223}.Debug|Any CPU.ActiveCfg = Debug|Any CPU
		{A59030E7-4A20-4B35-A0EF-E8A06E3CE223}.Debug|Any CPU.Build.0 = Debug|Any CPU
		{A59030E7-4A20-4B35-A0EF-E8A06E3CE223}.Debug|ARM.ActiveCfg = Debug|Any CPU
		{A59030E7-4A20-4B35-A0EF-E8A06E3CE223}.Debug|ARM.Build.0 = Debug|Any CPU
		{A59030E7-4A20-4B35-A0EF-E8A06E3CE223}.Debug|ARM64.ActiveCfg = Debug|Any CPU
		{A59030E7-4A20-4B35-A0EF-E8A06E3CE223}.Debug|ARM64.Build.0 = Debug|Any CPU
		{A59030E7-4A20-4B35-A0EF-E8A06E3CE223}.Debug|x64.ActiveCfg = Debug|Any CPU
		{A59030E7-4A20-4B35-A0EF-E8A06E3CE223}.Debug|x64.Build.0 = Debug|Any CPU
		{A59030E7-4A20-4B35-A0EF-E8A06E3CE223}.Debug|x86.ActiveCfg = Debug|Any CPU
		{A59030E7-4A20-4B35-A0EF-E8A06E3CE223}.Debug|x86.Build.0 = Debug|Any CPU
		{A59030E7-4A20-4B35-A0EF-E8A06E3CE223}.Release|Any CPU.ActiveCfg = Release|Any CPU
		{A59030E7-4A20-4B35-A0EF-E8A06E3CE223}.Release|Any CPU.Build.0 = Release|Any CPU
		{A59030E7-4A20-4B35-A0EF-E8A06E3CE223}.Release|ARM.ActiveCfg = Release|Any CPU
		{A59030E7-4A20-4B35-A0EF-E8A06E3CE223}.Release|ARM.Build.0 = Release|Any CPU
		{A59030E7-4A20-4B35-A0EF-E8A06E3CE223}.Release|ARM64.ActiveCfg = Release|Any CPU
		{A59030E7-4A20-4B35-A0EF-E8A06E3CE223}.Release|ARM64.Build.0 = Release|Any CPU
		{A59030E7-4A20-4B35-A0EF-E8A06E3CE223}.Release|x64.ActiveCfg = Release|Any CPU
		{A59030E7-4A20-4B35-A0EF-E8A06E3CE223}.Release|x64.Build.0 = Release|Any CPU
		{A59030E7-4A20-4B35-A0EF-E8A06E3CE223}.Release|x86.ActiveCfg = Release|Any CPU
		{A59030E7-4A20-4B35-A0EF-E8A06E3CE223}.Release|x86.Build.0 = Release|Any CPU
		{B6769B6A-4728-4FC6-BF9F-A447563804ED}.Debug|Any CPU.ActiveCfg = Debug|Any CPU
		{B6769B6A-4728-4FC6-BF9F-A447563804ED}.Debug|Any CPU.Build.0 = Debug|Any CPU
		{B6769B6A-4728-4FC6-BF9F-A447563804ED}.Debug|ARM.ActiveCfg = Debug|Any CPU
		{B6769B6A-4728-4FC6-BF9F-A447563804ED}.Debug|ARM.Build.0 = Debug|Any CPU
		{B6769B6A-4728-4FC6-BF9F-A447563804ED}.Debug|ARM64.ActiveCfg = Debug|Any CPU
		{B6769B6A-4728-4FC6-BF9F-A447563804ED}.Debug|ARM64.Build.0 = Debug|Any CPU
		{B6769B6A-4728-4FC6-BF9F-A447563804ED}.Debug|x64.ActiveCfg = Debug|Any CPU
		{B6769B6A-4728-4FC6-BF9F-A447563804ED}.Debug|x64.Build.0 = Debug|Any CPU
		{B6769B6A-4728-4FC6-BF9F-A447563804ED}.Debug|x86.ActiveCfg = Debug|Any CPU
		{B6769B6A-4728-4FC6-BF9F-A447563804ED}.Debug|x86.Build.0 = Debug|Any CPU
		{B6769B6A-4728-4FC6-BF9F-A447563804ED}.Release|Any CPU.ActiveCfg = Release|Any CPU
		{B6769B6A-4728-4FC6-BF9F-A447563804ED}.Release|Any CPU.Build.0 = Release|Any CPU
		{B6769B6A-4728-4FC6-BF9F-A447563804ED}.Release|ARM.ActiveCfg = Release|Any CPU
		{B6769B6A-4728-4FC6-BF9F-A447563804ED}.Release|ARM.Build.0 = Release|Any CPU
		{B6769B6A-4728-4FC6-BF9F-A447563804ED}.Release|ARM64.ActiveCfg = Release|Any CPU
		{B6769B6A-4728-4FC6-BF9F-A447563804ED}.Release|ARM64.Build.0 = Release|Any CPU
		{B6769B6A-4728-4FC6-BF9F-A447563804ED}.Release|x64.ActiveCfg = Release|Any CPU
		{B6769B6A-4728-4FC6-BF9F-A447563804ED}.Release|x64.Build.0 = Release|Any CPU
		{B6769B6A-4728-4FC6-BF9F-A447563804ED}.Release|x86.ActiveCfg = Release|Any CPU
		{B6769B6A-4728-4FC6-BF9F-A447563804ED}.Release|x86.Build.0 = Release|Any CPU
	EndGlobalSection
	GlobalSection(SolutionProperties) = preSolution
		HideSolutionNode = FALSE
	EndGlobalSection
	GlobalSection(ExtensibilityGlobals) = postSolution
		SolutionGuid = {C7B2222F-4B9E-4B82-857F-570CFF851E79}
	EndGlobalSection
EndGlobal
